<?xml version="1.0" encoding="utf-8"?>
<Project ToolsVersion="4.0" xmlns="http://schemas.microsoft.com/developer/msbuild/2003">
  <ItemGroup>
    <Filter Include="win32">
      <UniqueIdentifier>{84a8ebd7-7cf0-47f6-b75e-d441df67da40}</UniqueIdentifier>
    </Filter>
    <Filter Include="resource">
      <UniqueIdentifier>{715254bc-d70b-4ec5-bf29-467dd3ace079}</UniqueIdentifier>
    </Filter>
    <Filter Include="src">
      <UniqueIdentifier>{bb6c862e-70e9-49d9-81b7-3829a6f50471}</UniqueIdentifier>
    </Filter>
    <Filter Include="src\Game">
      <UniqueIdentifier>{ab493817-4cb3-4e0c-a458-0e22ca6afa97}</UniqueIdentifier>
    </Filter>
    <Filter Include="src\MainMenu">
      <UniqueIdentifier>{1de59474-838f-4f07-961c-e7c94eb19849}</UniqueIdentifier>
    </Filter>
    <Filter Include="src\Game\Enemy">
      <UniqueIdentifier>{0aeff75b-495c-4ad8-a47a-dda2be705898}</UniqueIdentifier>
    </Filter>
  </ItemGroup>
  <ItemGroup>
    <ClCompile Include="main.cpp">
      <Filter>win32</Filter>
    </ClCompile>
    <ClCompile Include="..\Classes\AppDelegate.cpp">
      <Filter>src</Filter>
    </ClCompile>
    <ClCompile Include="..\Classes\MainMenu\MainScene.cpp">
      <Filter>src\MainMenu</Filter>
    </ClCompile>
    <ClCompile Include="..\Classes\Game\GameScene.cpp">
      <Filter>src\Game</Filter>
    </ClCompile>
    <ClCompile Include="..\Classes\Game\Player.cpp">
      <Filter>src\Game</Filter>
    </ClCompile>
    <ClCompile Include="..\Classes\Game\World.cpp">
      <Filter>src\Game</Filter>
    </ClCompile>
    <ClCompile Include="..\Classes\Game\Background.cpp">
      <Filter>src\Game</Filter>
    </ClCompile>
    <ClCompile Include="..\Classes\Game\ParallaxElement.cpp">
      <Filter>src\Game</Filter>
    </ClCompile>
    <ClCompile Include="..\Classes\Game\Enemy\BaseEnemy.cpp">
      <Filter>src\Game\Enemy</Filter>
    </ClCompile>
    <ClCompile Include="..\Classes\Game\Enemy\EnemyManager.cpp">
      <Filter>src\Game\Enemy</Filter>
    </ClCompile>
    <ClCompile Include="..\Classes\Game\Enemy\SimpleEnemy.cpp">
      <Filter>src\Game\Enemy</Filter>
    </ClCompile>
  </ItemGroup>
  <ItemGroup>
    <ClInclude Include="main.h">
      <Filter>win32</Filter>
    </ClInclude>
    <ClInclude Include="..\Classes\AppDelegate.h">
      <Filter>src</Filter>
    </ClInclude>
    <ClInclude Include="..\Classes\Game\GameScene.h">
      <Filter>src\Game</Filter>
    </ClInclude>
    <ClInclude Include="..\Classes\MainMenu\MainScene.h">
      <Filter>src\MainMenu</Filter>
    </ClInclude>
    <ClInclude Include="..\Classes\Game\Player.h">
      <Filter>src\Game</Filter>
    </ClInclude>
    <ClInclude Include="..\Classes\Game\World.h">
      <Filter>src\Game</Filter>
    </ClInclude>
    <ClInclude Include="..\Classes\Game\Background.h">
      <Filter>src\Game</Filter>
    </ClInclude>
    <ClInclude Include="..\Classes\Game\ParallaxElement.h">
      <Filter>src\Game</Filter>
    </ClInclude>
    <ClInclude Include="..\Classes\Game\Enemy\EnemyManager.h">
      <Filter>src\Game\Enemy</Filter>
    </ClInclude>
    <ClInclude Include="..\Classes\Game\Enemy\BaseEnemy.h">
      <Filter>src\Game\Enemy</Filter>
    </ClInclude>
    <ClInclude Include="..\Classes\Game\Enemy\SimpleEnemy.h">
      <Filter>src\Game\Enemy</Filter>
    </ClInclude>
  </ItemGroup>
  <ItemGroup>
    <ResourceCompile Include="game.rc">
      <Filter>resource</Filter>
    </ResourceCompile>
  </ItemGroup>
</Project>